
Microsoft Visual Studio Solution File, Format Version 12.00
# Visual Studio Version 17
VisualStudioVersion = 17.4.33403.182
MinimumVisualStudioVersion = 10.0.40219.1
Project("{FAE04EC0-301F-11D3-BF4B-00C04F79EFBC}") = "Bankomat", "Bankomat\Bankomat.csproj", "{BBCDAB6F-A140-4C19-8370-CEBB501A61C3}"
EndProject
Global
	GlobalSection(SolutionConfigurationPlatforms) = preSolution
		Debug|Any CPU = Debug|Any CPU
		Release|Any CPU = Release|Any CPU
	EndGlobalSection
	GlobalSection(ProjectConfigurationPlatforms) = postSolution
		{BBCDAB6F-A140-4C19-8370-CEBB501A61C3}.Debug|Any CPU.ActiveCfg = Debug|Any CPU
		{BBCDAB6F-A140-4C19-8370-CEBB501A61C3}.Debug|Any CPU.Build.0 = Debug|Any CPU
		{BBCDAB6F-A140-4C19-8370-CEBB501A61C3}.Release|Any CPU.ActiveCfg = Release|Any CPU
		{BBCDAB6F-A140-4C19-8370-CEBB501A61C3}.Release|Any CPU.Build.0 = Release|Any CPU
	EndGlobalSection
	GlobalSection(SolutionProperties) = preSolution
		HideSolutionNode = FALSE
	EndGlobalSection
	GlobalSection(ExtensibilityGlobals) = postSolution
		SolutionGuid = {FA6EB101-3AA2-46A0-B954-AA954990D77B}
	EndGlobalSection
EndGlobal
